// !$*UTF8*$!
{
	archiveVersion = 1;
	classes = {
	};
	objectVersion = 56;
	objects = {

/* Begin PBXBuildFile section */
		5A3489D229C448EC009A2DB5 /* AppDelegate.swift in Sources */ = {isa = PBXBuildFile; fileRef = 5A3489D129C448EC009A2DB5 /* AppDelegate.swift */; };
		5A3489D429C448EC009A2DB5 /* SceneDelegate.swift in Sources */ = {isa = PBXBuildFile; fileRef = 5A3489D329C448EC009A2DB5 /* SceneDelegate.swift */; };
		5A3489D629C448EC009A2DB5 /* ViewController.swift in Sources */ = {isa = PBXBuildFile; fileRef = 5A3489D529C448EC009A2DB5 /* ViewController.swift */; };
		5A3489D929C448EC009A2DB5 /* Main.storyboard in Resources */ = {isa = PBXBuildFile; fileRef = 5A3489D729C448EC009A2DB5 /* Main.storyboard */; };
		5A3489DB29C448EE009A2DB5 /* Assets.xcassets in Resources */ = {isa = PBXBuildFile; fileRef = 5A3489DA29C448EE009A2DB5 /* Assets.xcassets */; };
		5A3489DE29C448EF009A2DB5 /* LaunchScreen.storyboard in Resources */ = {isa = PBXBuildFile; fileRef = 5A3489DC29C448EE009A2DB5 /* LaunchScreen.storyboard */; };
		5A3489E929C448EF009A2DB5 /* CustomOtpTextfieldTests.swift in Sources */ = {isa = PBXBuildFile; fileRef = 5A3489E829C448EF009A2DB5 /* CustomOtpTextfieldTests.swift */; };
		5A3489F329C448EF009A2DB5 /* CustomOtpTextfieldUITests.swift in Sources */ = {isa = PBXBuildFile; fileRef = 5A3489F229C448EF009A2DB5 /* CustomOtpTextfieldUITests.swift */; };
		5A3489F529C448EF009A2DB5 /* CustomOtpTextfieldUITestsLaunchTests.swift in Sources */ = {isa = PBXBuildFile; fileRef = 5A3489F429C448EF009A2DB5 /* CustomOtpTextfieldUITestsLaunchTests.swift */; };
		5A348A0229C44994009A2DB5 /* CustomOTPTextfield.swift in Sources */ = {isa = PBXBuildFile; fileRef = 5A348A0129C44994009A2DB5 /* CustomOTPTextfield.swift */; };
		5A348A0429C44F9D009A2DB5 /* CustomOTPTextfieldImplementation.swift in Sources */ = {isa = PBXBuildFile; fileRef = 5A348A0329C44F9D009A2DB5 /* CustomOTPTextfieldImplementation.swift */; };
		5A348A0629C44FD4009A2DB5 /* CustomTextFieldImplementationProtocol.swift in Sources */ = {isa = PBXBuildFile; fileRef = 5A348A0529C44FD4009A2DB5 /* CustomTextFieldImplementationProtocol.swift */; };
/* End PBXBuildFile section */

/* Begin PBXContainerItemProxy section */
		5A3489E529C448EF009A2DB5 /* PBXContainerItemProxy */ = {
			isa = PBXContainerItemProxy;
			containerPortal = 5A3489C629C448EC009A2DB5 /* Project object */;
			proxyType = 1;
			remoteGlobalIDString = 5A3489CD29C448EC009A2DB5;
			remoteInfo = CustomOtpTextfield;
		};
		5A3489EF29C448EF009A2DB5 /* PBXContainerItemProxy */ = {
			isa = PBXContainerItemProxy;
			containerPortal = 5A3489C629C448EC009A2DB5 /* Project object */;
			proxyType = 1;
			remoteGlobalIDString = 5A3489CD29C448EC009A2DB5;
			remoteInfo = CustomOtpTextfield;
		};
/* End PBXContainerItemProxy section */

/* Begin PBXFileReference section */
		5A3489CE29C448EC009A2DB5 /* CustomOtpTextfield.app */ = {isa = PBXFileReference; explicitFileType = wrapper.application; includeInIndex = 0; path = CustomOtpTextfield.app; sourceTree = BUILT_PRODUCTS_DIR; };
		5A3489D129C448EC009A2DB5 /* AppDelegate.swift */ = {isa = PBXFileReference; lastKnownFileType = sourcecode.swift; path = AppDelegate.swift; sourceTree = "<group>"; };
		5A3489D329C448EC009A2DB5 /* SceneDelegate.swift */ = {isa = PBXFileReference; lastKnownFileType = sourcecode.swift; path = SceneDelegate.swift; sourceTree = "<group>"; };
		5A3489D529C448EC009A2DB5 /* ViewController.swift */ = {isa = PBXFileReference; lastKnownFileType = sourcecode.swift; path = ViewController.swift; sourceTree = "<group>"; };
		5A3489D829C448EC009A2DB5 /* Base */ = {isa = PBXFileReference; lastKnownFileType = file.storyboard; name = Base; path = Base.lproj/Main.storyboard; sourceTree = "<group>"; };
		5A3489DA29C448EE009A2DB5 /* Assets.xcassets */ = {isa = PBXFileReference; lastKnownFileType = folder.assetcatalog; path = Assets.xcassets; sourceTree = "<group>"; };
		5A3489DD29C448EE009A2DB5 /* Base */ = {isa = PBXFileReference; lastKnownFileType = file.storyboard; name = Base; path = Base.lproj/LaunchScreen.storyboard; sourceTree = "<group>"; };
		5A3489DF29C448EF009A2DB5 /* Info.plist */ = {isa = PBXFileReference; lastKnownFileType = text.plist.xml; path = Info.plist; sourceTree = "<group>"; };
		5A3489E429C448EF009A2DB5 /* CustomOtpTextfieldTests.xctest */ = {isa = PBXFileReference; explicitFileType = wrapper.cfbundle; includeInIndex = 0; path = CustomOtpTextfieldTests.xctest; sourceTree = BUILT_PRODUCTS_DIR; };
		5A3489E829C448EF009A2DB5 /* CustomOtpTextfieldTests.swift */ = {isa = PBXFileReference; lastKnownFileType = sourcecode.swift; path = CustomOtpTextfieldTests.swift; sourceTree = "<group>"; };
		5A3489EE29C448EF009A2DB5 /* CustomOtpTextfieldUITests.xctest */ = {isa = PBXFileReference; explicitFileType = wrapper.cfbundle; includeInIndex = 0; path = CustomOtpTextfieldUITests.xctest; sourceTree = BUILT_PRODUCTS_DIR; };
		5A3489F229C448EF009A2DB5 /* CustomOtpTextfieldUITests.swift */ = {isa = PBXFileReference; lastKnownFileType = sourcecode.swift; path = CustomOtpTextfieldUITests.swift; sourceTree = "<group>"; };
		5A3489F429C448EF009A2DB5 /* CustomOtpTextfieldUITestsLaunchTests.swift */ = {isa = PBXFileReference; lastKnownFileType = sourcecode.swift; path = CustomOtpTextfieldUITestsLaunchTests.swift; sourceTree = "<group>"; };
		5A348A0129C44994009A2DB5 /* CustomOTPTextfield.swift */ = {isa = PBXFileReference; lastKnownFileType = sourcecode.swift; path = CustomOTPTextfield.swift; sourceTree = "<group>"; };
		5A348A0329C44F9D009A2DB5 /* CustomOTPTextfieldImplementation.swift */ = {isa = PBXFileReference; lastKnownFileType = sourcecode.swift; path = CustomOTPTextfieldImplementation.swift; sourceTree = "<group>"; };
		5A348A0529C44FD4009A2DB5 /* CustomTextFieldImplementationProtocol.swift */ = {isa = PBXFileReference; lastKnownFileType = sourcecode.swift; path = CustomTextFieldImplementationProtocol.swift; sourceTree = "<group>"; };
/* End PBXFileReference section */

/* Begin PBXFrameworksBuildPhase section */
		5A3489CB29C448EC009A2DB5 /* Frameworks */ = {
			isa = PBXFrameworksBuildPhase;
			buildActionMask = 2147483647;
			files = (
			);
			runOnlyForDeploymentPostprocessing = 0;
		};
		5A3489E129C448EF009A2DB5 /* Frameworks */ = {
			isa = PBXFrameworksBuildPhase;
			buildActionMask = 2147483647;
			files = (
			);
			runOnlyForDeploymentPostprocessing = 0;
		};
		5A3489EB29C448EF009A2DB5 /* Frameworks */ = {
			isa = PBXFrameworksBuildPhase;
			buildActionMask = 2147483647;
			files = (
			);
			runOnlyForDeploymentPostprocessing = 0;
		};
/* End PBXFrameworksBuildPhase section */

/* Begin PBXGroup section */
		5A3489C529C448EC009A2DB5 = {
			isa = PBXGroup;
			children = (
				5A3489D029C448EC009A2DB5 /* CustomOtpTextfield */,
				5A3489E729C448EF009A2DB5 /* CustomOtpTextfieldTests */,
				5A3489F129C448EF009A2DB5 /* CustomOtpTextfieldUITests */,
				5A3489CF29C448EC009A2DB5 /* Products */,
			);
			sourceTree = "<group>";
		};
		5A3489CF29C448EC009A2DB5 /* Products */ = {
			isa = PBXGroup;
			children = (
				5A3489CE29C448EC009A2DB5 /* CustomOtpTextfield.app */,
				5A3489E429C448EF009A2DB5 /* CustomOtpTextfieldTests.xctest */,
				5A3489EE29C448EF009A2DB5 /* CustomOtpTextfieldUITests.xctest */,
			);
			name = Products;
			sourceTree = "<group>";
		};
		5A3489D029C448EC009A2DB5 /* CustomOtpTextfield */ = {
			isa = PBXGroup;
			children = (
				5A3489D129C448EC009A2DB5 /* AppDelegate.swift */,
				5A3489D329C448EC009A2DB5 /* SceneDelegate.swift */,
				5A3489D529C448EC009A2DB5 /* ViewController.swift */,
				5A348A0129C44994009A2DB5 /* CustomOTPTextfield.swift */,
				5A348A0329C44F9D009A2DB5 /* CustomOTPTextfieldImplementation.swift */,
				5A348A0529C44FD4009A2DB5 /* CustomTextFieldImplementationProtocol.swift */,
				5A3489D729C448EC009A2DB5 /* Main.storyboard */,
				5A3489DA29C448EE009A2DB5 /* Assets.xcassets */,
				5A3489DC29C448EE009A2DB5 /* LaunchScreen.storyboard */,
				5A3489DF29C448EF009A2DB5 /* Info.plist */,
			);
			path = CustomOtpTextfield;
			sourceTree = "<group>";
		};
		5A3489E729C448EF009A2DB5 /* CustomOtpTextfieldTests */ = {
			isa = PBXGroup;
			children = (
				5A3489E829C448EF009A2DB5 /* CustomOtpTextfieldTests.swift */,
			);
			path = CustomOtpTextfieldTests;
			sourceTree = "<group>";
		};
		5A3489F129C448EF009A2DB5 /* CustomOtpTextfieldUITests */ = {
			isa = PBXGroup;
			children = (
				5A3489F229C448EF009A2DB5 /* CustomOtpTextfieldUITests.swift */,
				5A3489F429C448EF009A2DB5 /* CustomOtpTextfieldUITestsLaunchTests.swift */,
			);
			path = CustomOtpTextfieldUITests;
			sourceTree = "<group>";
		};
/* End PBXGroup section */

/* Begin PBXNativeTarget section */
		5A3489CD29C448EC009A2DB5 /* CustomOtpTextfield */ = {
			isa = PBXNativeTarget;
			buildConfigurationList = 5A3489F829C448EF009A2DB5 /* Build configuration list for PBXNativeTarget "CustomOtpTextfield" */;
			buildPhases = (
				5A3489CA29C448EC009A2DB5 /* Sources */,
				5A3489CB29C448EC009A2DB5 /* Frameworks */,
				5A3489CC29C448EC009A2DB5 /* Resources */,
			);
			buildRules = (
			);
			dependencies = (
			);
			name = CustomOtpTextfield;
			productName = CustomOtpTextfield;
			productReference = 5A3489CE29C448EC009A2DB5 /* CustomOtpTextfield.app */;
			productType = "com.apple.product-type.application";
		};
		5A3489E329C448EF009A2DB5 /* CustomOtpTextfieldTests */ = {
			isa = PBXNativeTarget;
			buildConfigurationList = 5A3489FB29C448EF009A2DB5 /* Build configuration list for PBXNativeTarget "CustomOtpTextfieldTests" */;
			buildPhases = (
				5A3489E029C448EF009A2DB5 /* Sources */,
				5A3489E129C448EF009A2DB5 /* Frameworks */,
				5A3489E229C448EF009A2DB5 /* Resources */,
			);
			buildRules = (
			);
			dependencies = (
				5A3489E629C448EF009A2DB5 /* PBXTargetDependency */,
			);
			name = CustomOtpTextfieldTests;
			productName = CustomOtpTextfieldTests;
			productReference = 5A3489E429C448EF009A2DB5 /* CustomOtpTextfieldTests.xctest */;
			productType = "com.apple.product-type.bundle.unit-test";
		};
		5A3489ED29C448EF009A2DB5 /* CustomOtpTextfieldUITests */ = {
			isa = PBXNativeTarget;
			buildConfigurationList = 5A3489FE29C448EF009A2DB5 /* Build configuration list for PBXNativeTarget "CustomOtpTextfieldUITests" */;
			buildPhases = (
				5A3489EA29C448EF009A2DB5 /* Sources */,
				5A3489EB29C448EF009A2DB5 /* Frameworks */,
				5A3489EC29C448EF009A2DB5 /* Resources */,
			);
			buildRules = (
			);
			dependencies = (
				5A3489F029C448EF009A2DB5 /* PBXTargetDependency */,
			);
			name = CustomOtpTextfieldUITests;
			productName = CustomOtpTextfieldUITests;
			productReference = 5A3489EE29C448EF009A2DB5 /* CustomOtpTextfieldUITests.xctest */;
			productType = "com.apple.product-type.bundle.ui-testing";
		};
/* End PBXNativeTarget section */

/* Begin PBXProject section */
		5A3489C629C448EC009A2DB5 /* Project object */ = {
			isa = PBXProject;
			attributes = {
				BuildIndependentTargetsInParallel = 1;
				LastSwiftUpdateCheck = 1420;
				LastUpgradeCheck = 1420;
				TargetAttributes = {
					5A3489CD29C448EC009A2DB5 = {
						CreatedOnToolsVersion = 14.2;
					};
					5A3489E329C448EF009A2DB5 = {
						CreatedOnToolsVersion = 14.2;
						TestTargetID = 5A3489CD29C448EC009A2DB5;
					};
					5A3489ED29C448EF009A2DB5 = {
						CreatedOnToolsVersion = 14.2;
						TestTargetID = 5A3489CD29C448EC009A2DB5;
					};
				};
			};
			buildConfigurationList = 5A3489C929C448EC009A2DB5 /* Build configuration list for PBXProject "CustomOtpTextfield" */;
			compatibilityVersion = "Xcode 14.0";
			developmentRegion = en;
			hasScannedForEncodings = 0;
			knownRegions = (
				en,
				Base,
			);
			mainGroup = 5A3489C529C448EC009A2DB5;
			productRefGroup = 5A3489CF29C448EC009A2DB5 /* Products */;
			projectDirPath = "";
			projectRoot = "";
			targets = (
				5A3489CD29C448EC009A2DB5 /* CustomOtpTextfield */,
				5A3489E329C448EF009A2DB5 /* CustomOtpTextfieldTests */,
				5A3489ED29C448EF009A2DB5 /* CustomOtpTextfieldUITests */,
			);
		};
/* End PBXProject section */

/* Begin PBXResourcesBuildPhase section */
		5A3489CC29C448EC009A2DB5 /* Resources */ = {
			isa = PBXResourcesBuildPhase;
			buildActionMask = 2147483647;
			files = (
				5A3489DE29C448EF009A2DB5 /* LaunchScreen.storyboard in Resources */,
				5A3489DB29C448EE009A2DB5 /* Assets.xcassets in Resources */,
				5A3489D929C448EC009A2DB5 /* Main.storyboard in Resources */,
			);
			runOnlyForDeploymentPostprocessing = 0;
		};
		5A3489E229C448EF009A2DB5 /* Resources */ = {
			isa = PBXResourcesBuildPhase;
			buildActionMask = 2147483647;
			files = (
			);
			runOnlyForDeploymentPostprocessing = 0;
		};
		5A3489EC29C448EF009A2DB5 /* Resources */ = {
			isa = PBXResourcesBuildPhase;
			buildActionMask = 2147483647;
			files = (
			);
			runOnlyForDeploymentPostprocessing = 0;
		};
/* End PBXResourcesBuildPhase section */

/* Begin PBXSourcesBuildPhase section */
		5A3489CA29C448EC009A2DB5 /* Sources */ = {
			isa = PBXSourcesBuildPhase;
			buildActionMask = 2147483647;
			files = (
				5A348A0629C44FD4009A2DB5 /* CustomTextFieldImplementationProtocol.swift in Sources */,
				5A348A0429C44F9D009A2DB5 /* CustomOTPTextfieldImplementation.swift in Sources */,
				5A3489D629C448EC009A2DB5 /* ViewController.swift in Sources */,
				5A3489D229C448EC009A2DB5 /* AppDelegate.swift in Sources */,
				5A348A0229C44994009A2DB5 /* CustomOTPTextfield.swift in Sources */,
				5A3489D429C448EC009A2DB5 /* SceneDelegate.swift in Sources */,
			);
			runOnlyForDeploymentPostprocessing = 0;
		};
		5A3489E029C448EF009A2DB5 /* Sources */ = {
			isa = PBXSourcesBuildPhase;
			buildActionMask = 2147483647;
			files = (
				5A3489E929C448EF009A2DB5 /* CustomOtpTextfieldTests.swift in Sources */,
			);
			runOnlyForDeploymentPostprocessing = 0;
		};
		5A3489EA29C448EF009A2DB5 /* Sources */ = {
			isa = PBXSourcesBuildPhase;
			buildActionMask = 2147483647;
			files = (
				5A3489F329C448EF009A2DB5 /* CustomOtpTextfieldUITests.swift in Sources */,
				5A3489F529C448EF009A2DB5 /* CustomOtpTextfieldUITestsLaunchTests.swift in Sources */,
			);
			runOnlyForDeploymentPostprocessing = 0;
		};
/* End PBXSourcesBuildPhase section */

/* Begin PBXTargetDependency section */
		5A3489E629C448EF009A2DB5 /* PBXTargetDependency */ = {
			isa = PBXTargetDependency;
			target = 5A3489CD29C448EC009A2DB5 /* CustomOtpTextfield */;
			targetProxy = 5A3489E529C448EF009A2DB5 /* PBXContainerItemProxy */;
		};
		5A3489F029C448EF009A2DB5 /* PBXTargetDependency */ = {
			isa = PBXTargetDependency;
			target = 5A3489CD29C448EC009A2DB5 /* CustomOtpTextfield */;
			targetProxy = 5A3489EF29C448EF009A2DB5 /* PBXContainerItemProxy */;
		};
/* End PBXTargetDependency section */

/* Begin PBXVariantGroup section */
		5A3489D729C448EC009A2DB5 /* Main.storyboard */ = {
			isa = PBXVariantGroup;
			children = (
				5A3489D829C448EC009A2DB5 /* Base */,
			);
			name = Main.storyboard;
			sourceTree = "<group>";
		};
		5A3489DC29C448EE009A2DB5 /* LaunchScreen.storyboard */ = {
			isa = PBXVariantGroup;
			children = (
				5A3489DD29C448EE009A2DB5 /* Base */,
			);
			name = LaunchScreen.storyboard;
			sourceTree = "<group>";
		};
/* End PBXVariantGroup section */

/* Begin XCBuildConfiguration section */
		5A3489F629C448EF009A2DB5 /* Debug */ = {
			isa = XCBuildConfiguration;
			buildSettings = {
				ALWAYS_SEARCH_USER_PATHS = NO;
				CLANG_ANALYZER_NONNULL = YES;
				CLANG_ANALYZER_NUMBER_OBJECT_CONVERSION = YES_AGGRESSIVE;
				CLANG_CXX_LANGUAGE_STANDARD = "gnu++20";
				CLANG_ENABLE_MODULES = YES;
				CLANG_ENABLE_OBJC_ARC = YES;
				CLANG_ENABLE_OBJC_WEAK = YES;
				CLANG_WARN_BLOCK_CAPTURE_AUTORELEASING = YES;
				CLANG_WARN_BOOL_CONVERSION = YES;
				CLANG_WARN_COMMA = YES;
				CLANG_WARN_CONSTANT_CONVERSION = YES;
				CLANG_WARN_DEPRECATED_OBJC_IMPLEMENTATIONS = YES;
				CLANG_WARN_DIRECT_OBJC_ISA_USAGE = YES_ERROR;
				CLANG_WARN_DOCUMENTATION_COMMENTS = YES;
				CLANG_WARN_EMPTY_BODY = YES;
				CLANG_WARN_ENUM_CONVERSION = YES;
				CLANG_WARN_INFINITE_RECURSION = YES;
				CLANG_WARN_INT_CONVERSION = YES;
				CLANG_WARN_NON_LITERAL_NULL_CONVERSION = YES;
				CLANG_WARN_OBJC_IMPLICIT_RETAIN_SELF = YES;
				CLANG_WARN_OBJC_LITERAL_CONVERSION = YES;
				CLANG_WARN_OBJC_ROOT_CLASS = YES_ERROR;
				CLANG_WARN_QUOTED_INCLUDE_IN_FRAMEWORK_HEADER = YES;
				CLANG_WARN_RANGE_LOOP_ANALYSIS = YES;
				CLANG_WARN_STRICT_PROTOTYPES = YES;
				CLANG_WARN_SUSPICIOUS_MOVE = YES;
				CLANG_WARN_UNGUARDED_AVAILABILITY = YES_AGGRESSIVE;
				CLANG_WARN_UNREACHABLE_CODE = YES;
				CLANG_WARN__DUPLICATE_METHOD_MATCH = YES;
				COPY_PHASE_STRIP = NO;
				DEBUG_INFORMATION_FORMAT = dwarf;
				ENABLE_STRICT_OBJC_MSGSEND = YES;
				ENABLE_TESTABILITY = YES;
				GCC_C_LANGUAGE_STANDARD = gnu11;
				GCC_DYNAMIC_NO_PIC = NO;
				GCC_NO_COMMON_BLOCKS = YES;
				GCC_OPTIMIZATION_LEVEL = 0;
				GCC_PREPROCESSOR_DEFINITIONS = (
					"DEBUG=1",
					"$(inherited)",
				);
				GCC_WARN_64_TO_32_BIT_CONVERSION = YES;
				GCC_WARN_ABOUT_RETURN_TYPE = YES_ERROR;
				GCC_WARN_UNDECLARED_SELECTOR = YES;
				GCC_WARN_UNINITIALIZED_AUTOS = YES_AGGRESSIVE;
				GCC_WARN_UNUSED_FUNCTION = YES;
				GCC_WARN_UNUSED_VARIABLE = YES;
				IPHONEOS_DEPLOYMENT_TARGET = 16.2;
				MTL_ENABLE_DEBUG_INFO = INCLUDE_SOURCE;
				MTL_FAST_MATH = YES;
				ONLY_ACTIVE_ARCH = YES;
				SDKROOT = iphoneos;
				SWIFT_ACTIVE_COMPILATION_CONDITIONS = DEBUG;
				SWIFT_OPTIMIZATION_LEVEL = "-Onone";
			};
			name = Debug;
		};
		5A3489F729C448EF009A2DB5 /* Release */ = {
			isa = XCBuildConfiguration;
			buildSettings = {
				ALWAYS_SEARCH_USER_PATHS = NO;
				CLANG_ANALYZER_NONNULL = YES;
				CLANG_ANALYZER_NUMBER_OBJECT_CONVERSION = YES_AGGRESSIVE;
				CLANG_CXX_LANGUAGE_STANDARD = "gnu++20";
				CLANG_ENABLE_MODULES = YES;
				CLANG_ENABLE_OBJC_ARC = YES;
				CLANG_ENABLE_OBJC_WEAK = YES;
				CLANG_WARN_BLOCK_CAPTURE_AUTORELEASING = YES;
				CLANG_WARN_BOOL_CONVERSION = YES;
				CLANG_WARN_COMMA = YES;
				CLANG_WARN_CONSTANT_CONVERSION = YES;
				CLANG_WARN_DEPRECATED_OBJC_IMPLEMENTATIONS = YES;
				CLANG_WARN_DIRECT_OBJC_ISA_USAGE = YES_ERROR;
				CLANG_WARN_DOCUMENTATION_COMMENTS = YES;
				CLANG_WARN_EMPTY_BODY = YES;
				CLANG_WARN_ENUM_CONVERSION = YES;
				CLANG_WARN_INFINITE_RECURSION = YES;
				CLANG_WARN_INT_CONVERSION = YES;
				CLANG_WARN_NON_LITERAL_NULL_CONVERSION = YES;
				CLANG_WARN_OBJC_IMPLICIT_RETAIN_SELF = YES;
				CLANG_WARN_OBJC_LITERAL_CONVERSION = YES;
				CLANG_WARN_OBJC_ROOT_CLASS = YES_ERROR;
				CLANG_WARN_QUOTED_INCLUDE_IN_FRAMEWORK_HEADER = YES;
				CLANG_WARN_RANGE_LOOP_ANALYSIS = YES;
				CLANG_WARN_STRICT_PROTOTYPES = YES;
				CLANG_WARN_SUSPICIOUS_MOVE = YES;
				CLANG_WARN_UNGUARDED_AVAILABILITY = YES_AGGRESSIVE;
				CLANG_WARN_UNREACHABLE_CODE = YES;
				CLANG_WARN__DUPLICATE_METHOD_MATCH = YES;
				COPY_PHASE_STRIP = NO;
				DEBUG_INFORMATION_FORMAT = "dwarf-with-dsym";
				ENABLE_NS_ASSERTIONS = NO;
				ENABLE_STRICT_OBJC_MSGSEND = YES;
				GCC_C_LANGUAGE_STANDARD = gnu11;
				GCC_NO_COMMON_BLOCKS = YES;
				GCC_WARN_64_TO_32_BIT_CONVERSION = YES;
				GCC_WARN_ABOUT_RETURN_TYPE = YES_ERROR;
				GCC_WARN_UNDECLARED_SELECTOR = YES;
				GCC_WARN_UNINITIALIZED_AUTOS = YES_AGGRESSIVE;
				GCC_WARN_UNUSED_FUNCTION = YES;
				GCC_WARN_UNUSED_VARIABLE = YES;
				IPHONEOS_DEPLOYMENT_TARGET = 16.2;
				MTL_ENABLE_DEBUG_INFO = NO;
				MTL_FAST_MATH = YES;
				SDKROOT = iphoneos;
				SWIFT_COMPILATION_MODE = wholemodule;
				SWIFT_OPTIMIZATION_LEVEL = "-O";
				VALIDATE_PRODUCT = YES;
			};
			name = Release;
		};
		5A3489F929C448EF009A2DB5 /* Debug */ = {
			isa = XCBuildConfiguration;
			buildSettings = {
				ASSETCATALOG_COMPILER_APPICON_NAME = AppIcon;
				ASSETCATALOG_COMPILER_GLOBAL_ACCENT_COLOR_NAME = AccentColor;
				CODE_SIGN_STYLE = Automatic;
				CURRENT_PROJECT_VERSION = 1;
				DEVELOPMENT_TEAM = 6CWF679Z8N;
				GENERATE_INFOPLIST_FILE = YES;
				INFOPLIST_FILE = CustomOtpTextfield/Info.plist;
				INFOPLIST_KEY_UIApplicationSupportsIndirectInputEvents = YES;
				INFOPLIST_KEY_UILaunchStoryboardName = LaunchScreen;
				INFOPLIST_KEY_UIMainStoryboardFile = Main;
				INFOPLIST_KEY_UISupportedInterfaceOrientations_iPad = "UIInterfaceOrientationPortrait UIInterfaceOrientationPortraitUpsideDown UIInterfaceOrientationLandscapeLeft UIInterfaceOrientationLandscapeRight";
				INFOPLIST_KEY_UISupportedInterfaceOrientations_iPhone = "UIInterfaceOrientationPortrait UIInterfaceOrientationLandscapeLeft UIInterfaceOrientationLandscapeRight";
				IPHONEOS_DEPLOYMENT_TARGET = 13.0;
				LD_RUNPATH_SEARCH_PATHS = (
					"$(inherited)",
					"@executable_path/Frameworks",
				);
				MARKETING_VERSION = 1.0;
				PRODUCT_BUNDLE_IDENTIFIER = com.sparkout.CustomOtpTextfield;
				PRODUCT_NAME = "$(TARGET_NAME)";
				SWIFT_EMIT_LOC_STRINGS = YES;
				SWIFT_VERSION = 5.0;
				TARGETED_DEVICE_FAMILY = "1,2";
			};
			name = Debug;
		};
		5A3489FA29C448EF009A2DB5 /* Release */ = {
			isa = XCBuildConfiguration;
			buildSettings = {
				ASSETCATALOG_COMPILER_APPICON_NAME = AppIcon;
				ASSETCATALOG_COMPILER_GLOBAL_ACCENT_COLOR_NAME = AccentColor;
				CODE_SIGN_STYLE = Automatic;
				CURRENT_PROJECT_VERSION = 1;
				DEVELOPMENT_TEAM = 6CWF679Z8N;
				GENERATE_INFOPLIST_FILE = YES;
				INFOPLIST_FILE = CustomOtpTextfield/Info.plist;
				INFOPLIST_KEY_UIApplicationSupportsIndirectInputEvents = YES;
				INFOPLIST_KEY_UILaunchStoryboardName = LaunchScreen;
				INFOPLIST_KEY_UIMainStoryboardFile = Main;
				INFOPLIST_KEY_UISupportedInterfaceOrientations_iPad = "UIInterfaceOrientationPortrait UIInterfaceOrientationPortraitUpsideDown UIInterfaceOrientationLandscapeLeft UIInterfaceOrientationLandscapeRight";
				INFOPLIST_KEY_UISupportedInterfaceOrientations_iPhone = "UIInterfaceOrientationPortrait UIInterfaceOrientationLandscapeLeft UIInterfaceOrientationLandscapeRight";
				IPHONEOS_DEPLOYMENT_TARGET = 13.0;
				LD_RUNPATH_SEARCH_PATHS = (
					"$(inherited)",
					"@executable_path/Frameworks",
				);
				MARKETING_VERSION = 1.0;
				PRODUCT_BUNDLE_IDENTIFIER = com.sparkout.CustomOtpTextfield;
				PRODUCT_NAME = "$(TARGET_NAME)";
				SWIFT_EMIT_LOC_STRINGS = YES;
				SWIFT_VERSION = 5.0;
				TARGETED_DEVICE_FAMILY = "1,2";
			};
			name = Release;
		};
		5A3489FC29C448EF009A2DB5 /* Debug */ = {
			isa = XCBuildConfiguration;
			buildSettings = {
				ALWAYS_EMBED_SWIFT_STANDARD_LIBRARIES = YES;
				BUNDLE_LOADER = "$(TEST_HOST)";
				CODE_SIGN_STYLE = Automatic;
				CURRENT_PROJECT_VERSION = 1;
				DEVELOPMENT_TEAM = 6CWF679Z8N;
				GENERATE_INFOPLIST_FILE = YES;
				IPHONEOS_DEPLOYMENT_TARGET = 16.2;
				MARKETING_VERSION = 1.0;
				PRODUCT_BUNDLE_IDENTIFIER = com.sparkout.CustomOtpTextfieldTests;
				PRODUCT_NAME = "$(TARGET_NAME)";
				SWIFT_EMIT_LOC_STRINGS = NO;
				SWIFT_VERSION = 5.0;
				TARGETED_DEVICE_FAMILY = "1,2";
				TEST_HOST = "$(BUILT_PRODUCTS_DIR)/CustomOtpTextfield.app/$(BUNDLE_EXECUTABLE_FOLDER_PATH)/CustomOtpTextfield";
			};
			name = Debug;
		};
		5A3489FD29C448EF009A2DB5 /* Release */ = {
			isa = XCBuildConfiguration;
			buildSettings = {
				ALWAYS_EMBED_SWIFT_STANDARD_LIBRARIES = YES;
				BUNDLE_LOADER = "$(TEST_HOST)";
				CODE_SIGN_STYLE = Automatic;
				CURRENT_PROJECT_VERSION = 1;
				DEVELOPMENT_TEAM = 6CWF679Z8N;
				GENERATE_INFOPLIST_FILE = YES;
				IPHONEOS_DEPLOYMENT_TARGET = 16.2;
				MARKETING_VERSION = 1.0;
				PRODUCT_BUNDLE_IDENTIFIER = com.sparkout.CustomOtpTextfieldTests;
				PRODUCT_NAME = "$(TARGET_NAME)";
				SWIFT_EMIT_LOC_STRINGS = NO;
				SWIFT_VERSION = 5.0;
				TARGETED_DEVICE_FAMILY = "1,2";
				TEST_HOST = "$(BUILT_PRODUCTS_DIR)/CustomOtpTextfield.app/$(BUNDLE_EXECUTABLE_FOLDER_PATH)/CustomOtpTextfield";
			};
			name = Release;
		};
		5A3489FF29C448EF009A2DB5 /* Debug */ = {
			isa = XCBuildConfiguration;
			buildSettings = {
				ALWAYS_EMBED_SWIFT_STANDARD_LIBRARIES = YES;
				CODE_SIGN_STYLE = Automatic;
				CURRENT_PROJECT_VERSION = 1;
				DEVELOPMENT_TEAM = 6CWF679Z8N;
				GENERATE_INFOPLIST_FILE = YES;
				MARKETING_VERSION = 1.0;
				PRODUCT_BUNDLE_IDENTIFIER = com.sparkout.CustomOtpTextfieldUITests;
				PRODUCT_NAME = "$(TARGET_NAME)";
				SWIFT_EMIT_LOC_STRINGS = NO;
				SWIFT_VERSION = 5.0;
				TARGETED_DEVICE_FAMILY = "1,2";
				TEST_TARGET_NAME = CustomOtpTextfield;
			};
			name = Debug;
		};
		5A348A0029C448EF009A2DB5 /* Release */ = {
			isa = XCBuildConfiguration;
			buildSettings = {
				ALWAYS_EMBED_SWIFT_STANDARD_LIBRARIES = YES;
				CODE_SIGN_STYLE = Automatic;
				CURRENT_PROJECT_VERSION = 1;
				DEVELOPMENT_TEAM = 6CWF679Z8N;
				GENERATE_INFOPLIST_FILE = YES;
				MARKETING_VERSION = 1.0;
				PRODUCT_BUNDLE_IDENTIFIER = com.sparkout.CustomOtpTextfieldUITests;
				PRODUCT_NAME = "$(TARGET_NAME)";
				SWIFT_EMIT_LOC_STRINGS = NO;
				SWIFT_VERSION = 5.0;
				TARGETED_DEVICE_FAMILY = "1,2";
				TEST_TARGET_NAME = CustomOtpTextfield;
			};
			name = Release;
		};
/* End XCBuildConfiguration section */

/* Begin XCConfigurationList section */
		5A3489C929C448EC009A2DB5 /* Build configuration list for PBXProject "CustomOtpTextfield" */ = {
			isa = XCConfigurationList;
			buildConfigurations = (
				5A3489F629C448EF009A2DB5 /* Debug */,
				5A3489F729C448EF009A2DB5 /* Release */,
			);
			defaultConfigurationIsVisible = 0;
			defaultConfigurationName = Release;
		};
		5A3489F829C448EF009A2DB5 /* Build configuration list for PBXNativeTarget "CustomOtpTextfield" */ = {
			isa = XCConfigurationList;
			buildConfigurations = (
				5A3489F929C448EF009A2DB5 /* Debug */,
				5A3489FA29C448EF009A2DB5 /* Release */,
			);
			defaultConfigurationIsVisible = 0;
			defaultConfigurationName = Release;
		};
		5A3489FB29C448EF009A2DB5 /* Build configuration list for PBXNativeTarget "CustomOtpTextfieldTests" */ = {
			isa = XCConfigurationList;
			buildConfigurations = (
				5A3489FC29C448EF009A2DB5 /* Debug */,
				5A3489FD29C448EF009A2DB5 /* Release */,
			);
			defaultConfigurationIsVisible = 0;
			defaultConfigurationName = Release;
		};
		5A3489FE29C448EF009A2DB5 /* Build configuration list for PBXNativeTarget "CustomOtpTextfieldUITests" */ = {
			isa = XCConfigurationList;
			buildConfigurations = (
				5A3489FF29C448EF009A2DB5 /* Debug */,
				5A348A0029C448EF009A2DB5 /* Release */,
			);
			defaultConfigurationIsVisible = 0;
			defaultConfigurationName = Release;
		};
/* End XCConfigurationList section */
	};
	rootObject = 5A3489C629C448EC009A2DB5 /* Project object */;
}
